
Microsoft Visual Studio Solution File, Format Version 12.00
# Visual Studio Version 17
VisualStudioVersion = 17.4.33110.190
MinimumVisualStudioVersion = 10.0.40219.1
Project("{FAE04EC0-301F-11D3-BF4B-00C04F79EFBC}") = "ConfigCreator.Framework", "ConfigCreator.Framework\ConfigCreator.Framework.csproj", "{547FC296-EDDF-426E-BBCB-8E197E6E645A}"
EndProject
Global
	GlobalSection(SolutionConfigurationPlatforms) = preSolution
		Debug|Any CPU = Debug|Any CPU
		Release|Any CPU = Release|Any CPU
	EndGlobalSection
	GlobalSection(ProjectConfigurationPlatforms) = postSolution
		{547FC296-EDDF-426E-BBCB-8E197E6E645A}.Debug|Any CPU.ActiveCfg = Debug|Any CPU
		{547FC296-EDDF-426E-BBCB-8E197E6E645A}.Debug|Any CPU.Build.0 = Debug|Any CPU
		{547FC296-EDDF-426E-BBCB-8E197E6E645A}.Release|Any CPU.ActiveCfg = Release|Any CPU
		{547FC296-EDDF-426E-BBCB-8E197E6E645A}.Release|Any CPU.Build.0 = Release|Any CPU
	EndGlobalSection
	GlobalSection(SolutionProperties) = preSolution
		HideSolutionNode = FALSE
	EndGlobalSection
	GlobalSection(ExtensibilityGlobals) = postSolution
		SolutionGuid = {C439C0AA-7D88-47A6-9F85-4CB43E0472B6}
	EndGlobalSection
EndGlobal
